
Microsoft Visual Studio Solution File, Format Version 12.00
# Visual Studio Version 16
VisualStudioVersion = 16.0.29709.97
MinimumVisualStudioVersion = 10.0.40219.1
Project("{FAE04EC0-301F-11D3-BF4B-00C04F79EFBC}") = "FileManager", "FileManager\FileManager.csproj", "{5F929A12-9A96-4EC4-8580-ADD312B19468}"
EndProject
Global
	GlobalSection(SolutionConfigurationPlatforms) = preSolution
		Debug|Any CPU = Debug|Any CPU
		Release|Any CPU = Release|Any CPU
	EndGlobalSection
	GlobalSection(ProjectConfigurationPlatforms) = postSolution
		{5F929A12-9A96-4EC4-8580-ADD312B19468}.Debug|Any CPU.ActiveCfg = Debug|Any CPU
		{5F929A12-9A96-4EC4-8580-ADD312B19468}.Debug|Any CPU.Build.0 = Debug|Any CPU
		{5F929A12-9A96-4EC4-8580-ADD312B19468}.Release|Any CPU.ActiveCfg = Release|Any CPU
		{5F929A12-9A96-4EC4-8580-ADD312B19468}.Release|Any CPU.Build.0 = Release|Any CPU
	EndGlobalSection
	GlobalSection(SolutionProperties) = preSolution
		HideSolutionNode = FALSE
	EndGlobalSection
	GlobalSection(ExtensibilityGlobals) = postSolution
		SolutionGuid = {56E79099-9810-4A70-B35F-E892DEE6C21F}
	EndGlobalSection
EndGlobal
